
Microsoft Visual Studio Solution File, Format Version 12.00
# Visual Studio Version 17
VisualStudioVersion = 17.12.35521.163
MinimumVisualStudioVersion = 10.0.40219.1
Project("{FAE04EC0-301F-11D3-BF4B-00C04F79EFBC}") = "DK89.DomainBase", "DK89.DomainBase\DK89.DomainBase.csproj", "{8C0AE53A-1816-48DC-9346-B42FEF5306E7}"
EndProject
Project("{FAE04EC0-301F-11D3-BF4B-00C04F79EFBC}") = "DK89.EntityFramework", "DK89.EntityFramework\DK89.EntityFramework.csproj", "{EB4D6300-301D-45A2-8135-C636D0304831}"
EndProject
Project("{FAE04EC0-301F-11D3-BF4B-00C04F79EFBC}") = "DK89.Extensions", "DK89.Extensions\DK89.Extensions.csproj", "{091A4275-9A9E-487B-9281-EE168B3CD84B}"
EndProject
Global
	GlobalSection(SolutionConfigurationPlatforms) = preSolution
		Debug|Any CPU = Debug|Any CPU
		Release|Any CPU = Release|Any CPU
	EndGlobalSection
	GlobalSection(ProjectConfigurationPlatforms) = postSolution
		{8C0AE53A-1816-48DC-9346-B42FEF5306E7}.Debug|Any CPU.ActiveCfg = Debug|Any CPU
		{8C0AE53A-1816-48DC-9346-B42FEF5306E7}.Debug|Any CPU.Build.0 = Debug|Any CPU
		{8C0AE53A-1816-48DC-9346-B42FEF5306E7}.Release|Any CPU.ActiveCfg = Release|Any CPU
		{8C0AE53A-1816-48DC-9346-B42FEF5306E7}.Release|Any CPU.Build.0 = Release|Any CPU
		{EB4D6300-301D-45A2-8135-C636D0304831}.Debug|Any CPU.ActiveCfg = Debug|Any CPU
		{EB4D6300-301D-45A2-8135-C636D0304831}.Debug|Any CPU.Build.0 = Debug|Any CPU
		{EB4D6300-301D-45A2-8135-C636D0304831}.Release|Any CPU.ActiveCfg = Release|Any CPU
		{EB4D6300-301D-45A2-8135-C636D0304831}.Release|Any CPU.Build.0 = Release|Any CPU
		{091A4275-9A9E-487B-9281-EE168B3CD84B}.Debug|Any CPU.ActiveCfg = Debug|Any CPU
		{091A4275-9A9E-487B-9281-EE168B3CD84B}.Debug|Any CPU.Build.0 = Debug|Any CPU
		{091A4275-9A9E-487B-9281-EE168B3CD84B}.Release|Any CPU.ActiveCfg = Release|Any CPU
		{091A4275-9A9E-487B-9281-EE168B3CD84B}.Release|Any CPU.Build.0 = Release|Any CPU
	EndGlobalSection
	GlobalSection(SolutionProperties) = preSolution
		HideSolutionNode = FALSE
	EndGlobalSection
EndGlobal
